# This file is automatically @generated by Cargo.
# It is not intended for manual editing.
version = 3

[[package]]
name = "extension-a"
version = "0.1.0"

[[package]]
name = "extension-b"
version = "0.1.0"

[[package]]
name = "extension-c"
version = "0.1.0"

[[package]]
name = "extension-d"
version = "0.1.0"

[[package]]
name = "extensions"
version = "0.1.0"
dependencies = [
 "extension-a",
 "extension-b",
]

[[package]]
name = "rs-extensions"
version = "0.1.0"
dependencies = [
 "extensions",
]
